
Microsoft Visual Studio Solution File, Format Version 12.00
# Visual Studio 15
Project("{FAE04EC0-301F-11D3-BF4B-00C04F79EFBC}") = "medrip", "medrip\medrip.csproj", "{3164D74F-72C1-4244-BACD-89DBF5726FC9}"
EndProject
Global
	GlobalSection(SolutionConfigurationPlatforms) = preSolution
		Debug|Any CPU = Debug|Any CPU
		Release|Any CPU = Release|Any CPU
	EndGlobalSection
	GlobalSection(ProjectConfigurationPlatforms) = postSolution
		{3164D74F-72C1-4244-BACD-89DBF5726FC9}.Debug|Any CPU.ActiveCfg = Debug|Any CPU
		{3164D74F-72C1-4244-BACD-89DBF5726FC9}.Debug|Any CPU.Build.0 = Debug|Any CPU
		{3164D74F-72C1-4244-BACD-89DBF5726FC9}.Release|Any CPU.ActiveCfg = Release|Any CPU
		{3164D74F-72C1-4244-BACD-89DBF5726FC9}.Release|Any CPU.Build.0 = Release|Any CPU
	EndGlobalSection
EndGlobal
